
Microsoft Visual Studio Solution File, Format Version 12.00
# Visual Studio Version 16
VisualStudioVersion = 25.0.1706.14
MinimumVisualStudioVersion = 10.0.40219.1
Project("{FAE04EC0-301F-11D3-BF4B-00C04F79EFBC}") = "XamarinApp.Android", "XamarinApp\XamarinApp.Android\XamarinApp.Android.csproj", "{5A184A8F-4D63-4BFC-881C-865E1703157A}"
EndProject
Project("{FAE04EC0-301F-11D3-BF4B-00C04F79EFBC}") = "XamarinApp.iOS", "XamarinApp\XamarinApp.iOS\XamarinApp.iOS.csproj", "{A91341B0-4B8B-47B9-8FA6-9D3E4BE4885A}"
EndProject
Project("{FAE04EC0-301F-11D3-BF4B-00C04F79EFBC}") = "XamarinApp", "XamarinApp\XamarinApp\XamarinApp.csproj", "{457C524F-317E-45A5-8B91-2FD32B5506B3}"
EndProject
Global
	GlobalSection(SolutionConfigurationPlatforms) = preSolution
		Debug|Any CPU = Debug|Any CPU
		Release|Any CPU = Release|Any CPU
		Debug|iPhoneSimulator = Debug|iPhoneSimulator
		Release|iPhoneSimulator = Release|iPhoneSimulator
		Debug|iPhone = Debug|iPhone
		Release|iPhone = Release|iPhone
	EndGlobalSection
	GlobalSection(ProjectConfigurationPlatforms) = postSolution
		{5A184A8F-4D63-4BFC-881C-865E1703157A}.Debug|Any CPU.ActiveCfg = Debug|Any CPU
		{5A184A8F-4D63-4BFC-881C-865E1703157A}.Debug|Any CPU.Build.0 = Debug|Any CPU
		{5A184A8F-4D63-4BFC-881C-865E1703157A}.Release|Any CPU.ActiveCfg = Release|Any CPU
		{5A184A8F-4D63-4BFC-881C-865E1703157A}.Release|Any CPU.Build.0 = Release|Any CPU
		{5A184A8F-4D63-4BFC-881C-865E1703157A}.Debug|iPhoneSimulator.ActiveCfg = Debug|Any CPU
		{5A184A8F-4D63-4BFC-881C-865E1703157A}.Debug|iPhoneSimulator.Build.0 = Debug|Any CPU
		{5A184A8F-4D63-4BFC-881C-865E1703157A}.Release|iPhoneSimulator.ActiveCfg = Release|Any CPU
		{5A184A8F-4D63-4BFC-881C-865E1703157A}.Release|iPhoneSimulator.Build.0 = Release|Any CPU
		{5A184A8F-4D63-4BFC-881C-865E1703157A}.Debug|iPhone.ActiveCfg = Debug|Any CPU
		{5A184A8F-4D63-4BFC-881C-865E1703157A}.Debug|iPhone.Build.0 = Debug|Any CPU
		{5A184A8F-4D63-4BFC-881C-865E1703157A}.Release|iPhone.ActiveCfg = Release|Any CPU
		{5A184A8F-4D63-4BFC-881C-865E1703157A}.Release|iPhone.Build.0 = Release|Any CPU
		{A91341B0-4B8B-47B9-8FA6-9D3E4BE4885A}.Debug|Any CPU.ActiveCfg = Debug|iPhoneSimulator
		{A91341B0-4B8B-47B9-8FA6-9D3E4BE4885A}.Debug|Any CPU.Build.0 = Debug|iPhoneSimulator
		{A91341B0-4B8B-47B9-8FA6-9D3E4BE4885A}.Release|Any CPU.ActiveCfg = Release|iPhoneSimulator
		{A91341B0-4B8B-47B9-8FA6-9D3E4BE4885A}.Release|Any CPU.Build.0 = Release|iPhoneSimulator
		{A91341B0-4B8B-47B9-8FA6-9D3E4BE4885A}.Debug|iPhoneSimulator.ActiveCfg = Debug|iPhoneSimulator
		{A91341B0-4B8B-47B9-8FA6-9D3E4BE4885A}.Debug|iPhoneSimulator.Build.0 = Debug|iPhoneSimulator
		{A91341B0-4B8B-47B9-8FA6-9D3E4BE4885A}.Release|iPhoneSimulator.ActiveCfg = Release|iPhoneSimulator
		{A91341B0-4B8B-47B9-8FA6-9D3E4BE4885A}.Release|iPhoneSimulator.Build.0 = Release|iPhoneSimulator
		{A91341B0-4B8B-47B9-8FA6-9D3E4BE4885A}.Debug|iPhone.ActiveCfg = Debug|iPhone
		{A91341B0-4B8B-47B9-8FA6-9D3E4BE4885A}.Debug|iPhone.Build.0 = Debug|iPhone
		{A91341B0-4B8B-47B9-8FA6-9D3E4BE4885A}.Release|iPhone.ActiveCfg = Release|iPhone
		{A91341B0-4B8B-47B9-8FA6-9D3E4BE4885A}.Release|iPhone.Build.0 = Release|iPhone
		{457C524F-317E-45A5-8B91-2FD32B5506B3}.Debug|Any CPU.ActiveCfg = Debug|Any CPU
		{457C524F-317E-45A5-8B91-2FD32B5506B3}.Debug|Any CPU.Build.0 = Debug|Any CPU
		{457C524F-317E-45A5-8B91-2FD32B5506B3}.Release|Any CPU.ActiveCfg = Release|Any CPU
		{457C524F-317E-45A5-8B91-2FD32B5506B3}.Release|Any CPU.Build.0 = Release|Any CPU
		{457C524F-317E-45A5-8B91-2FD32B5506B3}.Debug|iPhoneSimulator.ActiveCfg = Debug|Any CPU
		{457C524F-317E-45A5-8B91-2FD32B5506B3}.Debug|iPhoneSimulator.Build.0 = Debug|Any CPU
		{457C524F-317E-45A5-8B91-2FD32B5506B3}.Release|iPhoneSimulator.ActiveCfg = Release|Any CPU
		{457C524F-317E-45A5-8B91-2FD32B5506B3}.Release|iPhoneSimulator.Build.0 = Release|Any CPU
		{457C524F-317E-45A5-8B91-2FD32B5506B3}.Debug|iPhone.ActiveCfg = Debug|Any CPU
		{457C524F-317E-45A5-8B91-2FD32B5506B3}.Debug|iPhone.Build.0 = Debug|Any CPU
		{457C524F-317E-45A5-8B91-2FD32B5506B3}.Release|iPhone.ActiveCfg = Release|Any CPU
		{457C524F-317E-45A5-8B91-2FD32B5506B3}.Release|iPhone.Build.0 = Release|Any CPU
	EndGlobalSection
	GlobalSection(SolutionProperties) = preSolution
		HideSolutionNode = FALSE
	EndGlobalSection
	GlobalSection(ExtensibilityGlobals) = postSolution
		SolutionGuid = {05EE5AC2-4100-4533-BDBE-5BD0BC9CCEB7}
	EndGlobalSection
EndGlobal
